// !$*UTF8*$!
{
	archiveVersion = 1;
	classes = {
	};
	objectVersion = 56;
	objects = {

/* Begin PBXBuildFile section */
		D9A64CE42CF66CF50062D5FD /* AppDelegate.swift in Sources */ = {isa = PBXBuildFile; fileRef = D9A64CE32CF66CF50062D5FD /* AppDelegate.swift */; };
		D9A64CE62CF66CF50062D5FD /* SceneDelegate.swift in Sources */ = {isa = PBXBuildFile; fileRef = D9A64CE52CF66CF50062D5FD /* SceneDelegate.swift */; };
		D9A64CED2CF66CF70062D5FD /* Assets.xcassets in Resources */ = {isa = PBXBuildFile; fileRef = D9A64CEC2CF66CF70062D5FD /* Assets.xcassets */; };
		D9A64CF02CF66CF70062D5FD /* Base in Resources */ = {isa = PBXBuildFile; fileRef = D9A64CEF2CF66CF70062D5FD /* Base */; };
		D9A64CF82CF66D540062D5FD /* EntryViewController.swift in Sources */ = {isa = PBXBuildFile; fileRef = D9A64CF72CF66D540062D5FD /* EntryViewController.swift */; };
		D9A64CFA2CF66D610062D5FD /* NoteViewController.swift in Sources */ = {isa = PBXBuildFile; fileRef = D9A64CF92CF66D610062D5FD /* NoteViewController.swift */; };
		D9A64CFC2CF66D8E0062D5FD /* ViewController.swift in Sources */ = {isa = PBXBuildFile; fileRef = D9A64CFB2CF66D8D0062D5FD /* ViewController.swift */; };
		D9A64CFE2CF66EE90062D5FD /* Main.storyboard in Resources */ = {isa = PBXBuildFile; fileRef = D9A64CFD2CF66EE90062D5FD /* Main.storyboard */; };
/* End PBXBuildFile section */

/* Begin PBXFileReference section */
		D9A64CE02CF66CF40062D5FD /* Quote It.app */ = {isa = PBXFileReference; explicitFileType = wrapper.application; includeInIndex = 0; path = "Quote It.app"; sourceTree = BUILT_PRODUCTS_DIR; };
		D9A64CE32CF66CF50062D5FD /* AppDelegate.swift */ = {isa = PBXFileReference; lastKnownFileType = sourcecode.swift; path = AppDelegate.swift; sourceTree = "<group>"; };
		D9A64CE52CF66CF50062D5FD /* SceneDelegate.swift */ = {isa = PBXFileReference; lastKnownFileType = sourcecode.swift; path = SceneDelegate.swift; sourceTree = "<group>"; };
		D9A64CEC2CF66CF70062D5FD /* Assets.xcassets */ = {isa = PBXFileReference; lastKnownFileType = folder.assetcatalog; path = Assets.xcassets; sourceTree = "<group>"; };
		D9A64CEF2CF66CF70062D5FD /* Base */ = {isa = PBXFileReference; lastKnownFileType = file.storyboard; name = Base; path = Base.lproj/LaunchScreen.storyboard; sourceTree = "<group>"; };
		D9A64CF12CF66CF70062D5FD /* Info.plist */ = {isa = PBXFileReference; lastKnownFileType = text.plist.xml; path = Info.plist; sourceTree = "<group>"; };
		D9A64CF72CF66D540062D5FD /* EntryViewController.swift */ = {isa = PBXFileReference; fileEncoding = 4; lastKnownFileType = sourcecode.swift; path = EntryViewController.swift; sourceTree = "<group>"; };
		D9A64CF92CF66D610062D5FD /* NoteViewController.swift */ = {isa = PBXFileReference; fileEncoding = 4; lastKnownFileType = sourcecode.swift; path = NoteViewController.swift; sourceTree = "<group>"; };
		D9A64CFB2CF66D8D0062D5FD /* ViewController.swift */ = {isa = PBXFileReference; fileEncoding = 4; lastKnownFileType = sourcecode.swift; path = ViewController.swift; sourceTree = "<group>"; };
		D9A64CFD2CF66EE90062D5FD /* Main.storyboard */ = {isa = PBXFileReference; fileEncoding = 4; lastKnownFileType = file.storyboard; path = Main.storyboard; sourceTree = "<group>"; };
/* End PBXFileReference section */

/* Begin PBXFrameworksBuildPhase section */
		D9A64CDD2CF66CF40062D5FD /* Frameworks */ = {
			isa = PBXFrameworksBuildPhase;
			buildActionMask = 2147483647;
			files = (
			);
			runOnlyForDeploymentPostprocessing = 0;
		};
/* End PBXFrameworksBuildPhase section */

/* Begin PBXGroup section */
		D9A64CD72CF66CF40062D5FD = {
			isa = PBXGroup;
			children = (
				D9A64CE22CF66CF40062D5FD /* Quote It */,
				D9A64CE12CF66CF40062D5FD /* Products */,
			);
			sourceTree = "<group>";
		};
		D9A64CE12CF66CF40062D5FD /* Products */ = {
			isa = PBXGroup;
			children = (
				D9A64CE02CF66CF40062D5FD /* Quote It.app */,
			);
			name = Products;
			sourceTree = "<group>";
		};
		D9A64CE22CF66CF40062D5FD /* Quote It */ = {
			isa = PBXGroup;
			children = (
				D9A64CE32CF66CF50062D5FD /* AppDelegate.swift */,
				D9A64CE52CF66CF50062D5FD /* SceneDelegate.swift */,
				D9A64CFB2CF66D8D0062D5FD /* ViewController.swift */,
				D9A64CF92CF66D610062D5FD /* NoteViewController.swift */,
				D9A64CF72CF66D540062D5FD /* EntryViewController.swift */,
				D9A64CFD2CF66EE90062D5FD /* Main.storyboard */,
				D9A64CEE2CF66CF70062D5FD /* LaunchScreen.storyboard */,
				D9A64CF12CF66CF70062D5FD /* Info.plist */,
				D9A64CEC2CF66CF70062D5FD /* Assets.xcassets */,
			);
			path = "Quote It";
			sourceTree = "<group>";
		};
/* End PBXGroup section */

/* Begin PBXNativeTarget section */
		D9A64CDF2CF66CF40062D5FD /* Quote It */ = {
			isa = PBXNativeTarget;
			buildConfigurationList = D9A64CF42CF66CF70062D5FD /* Build configuration list for PBXNativeTarget "Quote It" */;
			buildPhases = (
				D9A64CDC2CF66CF40062D5FD /* Sources */,
				D9A64CDD2CF66CF40062D5FD /* Frameworks */,
				D9A64CDE2CF66CF40062D5FD /* Resources */,
			);
			buildRules = (
			);
			dependencies = (
			);
			name = "Quote It";
			productName = "Quote It";
			productReference = D9A64CE02CF66CF40062D5FD /* Quote It.app */;
			productType = "com.apple.product-type.application";
		};
/* End PBXNativeTarget section */

/* Begin PBXProject section */
		D9A64CD82CF66CF40062D5FD /* Project object */ = {
			isa = PBXProject;
			attributes = {
				BuildIndependentTargetsInParallel = 1;
				LastSwiftUpdateCheck = 1540;
				LastUpgradeCheck = 1540;
				TargetAttributes = {
					D9A64CDF2CF66CF40062D5FD = {
						CreatedOnToolsVersion = 15.4;
					};
				};
			};
			buildConfigurationList = D9A64CDB2CF66CF40062D5FD /* Build configuration list for PBXProject "Quote It" */;
			compatibilityVersion = "Xcode 14.0";
			developmentRegion = en;
			hasScannedForEncodings = 0;
			knownRegions = (
				en,
				Base,
			);
			mainGroup = D9A64CD72CF66CF40062D5FD;
			productRefGroup = D9A64CE12CF66CF40062D5FD /* Products */;
			projectDirPath = "";
			projectRoot = "";
			targets = (
				D9A64CDF2CF66CF40062D5FD /* Quote It */,
			);
		};
/* End PBXProject section */

/* Begin PBXResourcesBuildPhase section */
		D9A64CDE2CF66CF40062D5FD /* Resources */ = {
			isa = PBXResourcesBuildPhase;
			buildActionMask = 2147483647;
			files = (
				D9A64CFE2CF66EE90062D5FD /* Main.storyboard in Resources */,
				D9A64CED2CF66CF70062D5FD /* Assets.xcassets in Resources */,
				D9A64CF02CF66CF70062D5FD /* Base in Resources */,
			);
			runOnlyForDeploymentPostprocessing = 0;
		};
/* End PBXResourcesBuildPhase section */

/* Begin PBXSourcesBuildPhase section */
		D9A64CDC2CF66CF40062D5FD /* Sources */ = {
			isa = PBXSourcesBuildPhase;
			buildActionMask = 2147483647;
			files = (
				D9A64CFC2CF66D8E0062D5FD /* ViewController.swift in Sources */,
				D9A64CFA2CF66D610062D5FD /* NoteViewController.swift in Sources */,
				D9A64CE42CF66CF50062D5FD /* AppDelegate.swift in Sources */,
				D9A64CE62CF66CF50062D5FD /* SceneDelegate.swift in Sources */,
				D9A64CF82CF66D540062D5FD /* EntryViewController.swift in Sources */,
			);
			runOnlyForDeploymentPostprocessing = 0;
		};
/* End PBXSourcesBuildPhase section */

/* Begin PBXVariantGroup section */
		D9A64CEE2CF66CF70062D5FD /* LaunchScreen.storyboard */ = {
			isa = PBXVariantGroup;
			children = (
				D9A64CEF2CF66CF70062D5FD /* Base */,
			);
			name = LaunchScreen.storyboard;
			sourceTree = "<group>";
		};
/* End PBXVariantGroup section */

/* Begin XCBuildConfiguration section */
		D9A64CF22CF66CF70062D5FD /* Debug */ = {
			isa = XCBuildConfiguration;
			buildSettings = {
				ALWAYS_SEARCH_USER_PATHS = NO;
				ASSETCATALOG_COMPILER_GENERATE_SWIFT_ASSET_SYMBOL_EXTENSIONS = YES;
				CLANG_ANALYZER_NONNULL = YES;
				CLANG_ANALYZER_NUMBER_OBJECT_CONVERSION = YES_AGGRESSIVE;
				CLANG_CXX_LANGUAGE_STANDARD = "gnu++20";
				CLANG_ENABLE_MODULES = YES;
				CLANG_ENABLE_OBJC_ARC = YES;
				CLANG_ENABLE_OBJC_WEAK = YES;
				CLANG_WARN_BLOCK_CAPTURE_AUTORELEASING = YES;
				CLANG_WARN_BOOL_CONVERSION = YES;
				CLANG_WARN_COMMA = YES;
				CLANG_WARN_CONSTANT_CONVERSION = YES;
				CLANG_WARN_DEPRECATED_OBJC_IMPLEMENTATIONS = YES;
				CLANG_WARN_DIRECT_OBJC_ISA_USAGE = YES_ERROR;
				CLANG_WARN_DOCUMENTATION_COMMENTS = YES;
				CLANG_WARN_EMPTY_BODY = YES;
				CLANG_WARN_ENUM_CONVERSION = YES;
				CLANG_WARN_INFINITE_RECURSION = YES;
				CLANG_WARN_INT_CONVERSION = YES;
				CLANG_WARN_NON_LITERAL_NULL_CONVERSION = YES;
				CLANG_WARN_OBJC_IMPLICIT_RETAIN_SELF = YES;
				CLANG_WARN_OBJC_LITERAL_CONVERSION = YES;
				CLANG_WARN_OBJC_ROOT_CLASS = YES_ERROR;
				CLANG_WARN_QUOTED_INCLUDE_IN_FRAMEWORK_HEADER = YES;
				CLANG_WARN_RANGE_LOOP_ANALYSIS = YES;
				CLANG_WARN_STRICT_PROTOTYPES = YES;
				CLANG_WARN_SUSPICIOUS_MOVE = YES;
				CLANG_WARN_UNGUARDED_AVAILABILITY = YES_AGGRESSIVE;
				CLANG_WARN_UNREACHABLE_CODE = YES;
				CLANG_WARN__DUPLICATE_METHOD_MATCH = YES;
				COPY_PHASE_STRIP = NO;
				DEBUG_INFORMATION_FORMAT = dwarf;
				ENABLE_STRICT_OBJC_MSGSEND = YES;
				ENABLE_TESTABILITY = YES;
				ENABLE_USER_SCRIPT_SANDBOXING = YES;
				GCC_C_LANGUAGE_STANDARD = gnu17;
				GCC_DYNAMIC_NO_PIC = NO;
				GCC_NO_COMMON_BLOCKS = YES;
				GCC_OPTIMIZATION_LEVEL = 0;
				GCC_PREPROCESSOR_DEFINITIONS = (
					"DEBUG=1",
					"$(inherited)",
				);
				GCC_WARN_64_TO_32_BIT_CONVERSION = YES;
				GCC_WARN_ABOUT_RETURN_TYPE = YES_ERROR;
				GCC_WARN_UNDECLARED_SELECTOR = YES;
				GCC_WARN_UNINITIALIZED_AUTOS = YES_AGGRESSIVE;
				GCC_WARN_UNUSED_FUNCTION = YES;
				GCC_WARN_UNUSED_VARIABLE = YES;
				IPHONEOS_DEPLOYMENT_TARGET = 17.5;
				LOCALIZATION_PREFERS_STRING_CATALOGS = YES;
				MTL_ENABLE_DEBUG_INFO = INCLUDE_SOURCE;
				MTL_FAST_MATH = YES;
				ONLY_ACTIVE_ARCH = YES;
				SDKROOT = iphoneos;
				SWIFT_ACTIVE_COMPILATION_CONDITIONS = "DEBUG $(inherited)";
				SWIFT_OPTIMIZATION_LEVEL = "-Onone";
			};
			name = Debug;
		};
		D9A64CF32CF66CF70062D5FD /* Release */ = {
			isa = XCBuildConfiguration;
			buildSettings = {
				ALWAYS_SEARCH_USER_PATHS = NO;
				ASSETCATALOG_COMPILER_GENERATE_SWIFT_ASSET_SYMBOL_EXTENSIONS = YES;
				CLANG_ANALYZER_NONNULL = YES;
				CLANG_ANALYZER_NUMBER_OBJECT_CONVERSION = YES_AGGRESSIVE;
				CLANG_CXX_LANGUAGE_STANDARD = "gnu++20";
				CLANG_ENABLE_MODULES = YES;
				CLANG_ENABLE_OBJC_ARC = YES;
				CLANG_ENABLE_OBJC_WEAK = YES;
				CLANG_WARN_BLOCK_CAPTURE_AUTORELEASING = YES;
				CLANG_WARN_BOOL_CONVERSION = YES;
				CLANG_WARN_COMMA = YES;
				CLANG_WARN_CONSTANT_CONVERSION = YES;
				CLANG_WARN_DEPRECATED_OBJC_IMPLEMENTATIONS = YES;
				CLANG_WARN_DIRECT_OBJC_ISA_USAGE = YES_ERROR;
				CLANG_WARN_DOCUMENTATION_COMMENTS = YES;
				CLANG_WARN_EMPTY_BODY = YES;
				CLANG_WARN_ENUM_CONVERSION = YES;
				CLANG_WARN_INFINITE_RECURSION = YES;
				CLANG_WARN_INT_CONVERSION = YES;
				CLANG_WARN_NON_LITERAL_NULL_CONVERSION = YES;
				CLANG_WARN_OBJC_IMPLICIT_RETAIN_SELF = YES;
				CLANG_WARN_OBJC_LITERAL_CONVERSION = YES;
				CLANG_WARN_OBJC_ROOT_CLASS = YES_ERROR;
				CLANG_WARN_QUOTED_INCLUDE_IN_FRAMEWORK_HEADER = YES;
				CLANG_WARN_RANGE_LOOP_ANALYSIS = YES;
				CLANG_WARN_STRICT_PROTOTYPES = YES;
				CLANG_WARN_SUSPICIOUS_MOVE = YES;
				CLANG_WARN_UNGUARDED_AVAILABILITY = YES_AGGRESSIVE;
				CLANG_WARN_UNREACHABLE_CODE = YES;
				CLANG_WARN__DUPLICATE_METHOD_MATCH = YES;
				COPY_PHASE_STRIP = NO;
				DEBUG_INFORMATION_FORMAT = "dwarf-with-dsym";
				ENABLE_NS_ASSERTIONS = NO;
				ENABLE_STRICT_OBJC_MSGSEND = YES;
				ENABLE_USER_SCRIPT_SANDBOXING = YES;
				GCC_C_LANGUAGE_STANDARD = gnu17;
				GCC_NO_COMMON_BLOCKS = YES;
				GCC_WARN_64_TO_32_BIT_CONVERSION = YES;
				GCC_WARN_ABOUT_RETURN_TYPE = YES_ERROR;
				GCC_WARN_UNDECLARED_SELECTOR = YES;
				GCC_WARN_UNINITIALIZED_AUTOS = YES_AGGRESSIVE;
				GCC_WARN_UNUSED_FUNCTION = YES;
				GCC_WARN_UNUSED_VARIABLE = YES;
				IPHONEOS_DEPLOYMENT_TARGET = 17.5;
				LOCALIZATION_PREFERS_STRING_CATALOGS = YES;
				MTL_ENABLE_DEBUG_INFO = NO;
				MTL_FAST_MATH = YES;
				SDKROOT = iphoneos;
				SWIFT_COMPILATION_MODE = wholemodule;
				VALIDATE_PRODUCT = YES;
			};
			name = Release;
		};
		D9A64CF52CF66CF70062D5FD /* Debug */ = {
			isa = XCBuildConfiguration;
			buildSettings = {
				ASSETCATALOG_COMPILER_APPICON_NAME = AppIcon;
				ASSETCATALOG_COMPILER_GLOBAL_ACCENT_COLOR_NAME = AccentColor;
				CODE_SIGN_STYLE = Automatic;
				CURRENT_PROJECT_VERSION = 1;
				DEVELOPMENT_TEAM = Y5NQ2QJK35;
				GENERATE_INFOPLIST_FILE = YES;
				INFOPLIST_FILE = "Quote It/Info.plist";
				INFOPLIST_KEY_CFBundleDisplayName = "Quote it!";
				INFOPLIST_KEY_UIApplicationSupportsIndirectInputEvents = YES;
				INFOPLIST_KEY_UILaunchStoryboardName = LaunchScreen;
				INFOPLIST_KEY_UIMainStoryboardFile = Main;
				INFOPLIST_KEY_UISupportedInterfaceOrientations_iPad = "UIInterfaceOrientationPortrait UIInterfaceOrientationPortraitUpsideDown UIInterfaceOrientationLandscapeLeft UIInterfaceOrientationLandscapeRight";
				INFOPLIST_KEY_UISupportedInterfaceOrientations_iPhone = "UIInterfaceOrientationPortrait UIInterfaceOrientationLandscapeLeft UIInterfaceOrientationLandscapeRight";
				LD_RUNPATH_SEARCH_PATHS = (
					"$(inherited)",
					"@executable_path/Frameworks",
				);
				MARKETING_VERSION = 1.0;
				PRODUCT_BUNDLE_IDENTIFIER = "Tibbs.Quote-It";
				PRODUCT_NAME = "$(TARGET_NAME)";
				SWIFT_EMIT_LOC_STRINGS = YES;
				SWIFT_VERSION = 5.0;
				TARGETED_DEVICE_FAMILY = "1,2";
			};
			name = Debug;
		};
		D9A64CF62CF66CF70062D5FD /* Release */ = {
			isa = XCBuildConfiguration;
			buildSettings = {
				ASSETCATALOG_COMPILER_APPICON_NAME = AppIcon;
				ASSETCATALOG_COMPILER_GLOBAL_ACCENT_COLOR_NAME = AccentColor;
				CODE_SIGN_STYLE = Automatic;
				CURRENT_PROJECT_VERSION = 1;
				DEVELOPMENT_TEAM = Y5NQ2QJK35;
				GENERATE_INFOPLIST_FILE = YES;
				INFOPLIST_FILE = "Quote It/Info.plist";
				INFOPLIST_KEY_CFBundleDisplayName = "Quote it!";
				INFOPLIST_KEY_UIApplicationSupportsIndirectInputEvents = YES;
				INFOPLIST_KEY_UILaunchStoryboardName = LaunchScreen;
				INFOPLIST_KEY_UIMainStoryboardFile = Main;
				INFOPLIST_KEY_UISupportedInterfaceOrientations_iPad = "UIInterfaceOrientationPortrait UIInterfaceOrientationPortraitUpsideDown UIInterfaceOrientationLandscapeLeft UIInterfaceOrientationLandscapeRight";
				INFOPLIST_KEY_UISupportedInterfaceOrientations_iPhone = "UIInterfaceOrientationPortrait UIInterfaceOrientationLandscapeLeft UIInterfaceOrientationLandscapeRight";
				LD_RUNPATH_SEARCH_PATHS = (
					"$(inherited)",
					"@executable_path/Frameworks",
				);
				MARKETING_VERSION = 1.0;
				PRODUCT_BUNDLE_IDENTIFIER = "Tibbs.Quote-It";
				PRODUCT_NAME = "$(TARGET_NAME)";
				SWIFT_EMIT_LOC_STRINGS = YES;
				SWIFT_VERSION = 5.0;
				TARGETED_DEVICE_FAMILY = "1,2";
			};
			name = Release;
		};
/* End XCBuildConfiguration section */

/* Begin XCConfigurationList section */
		D9A64CDB2CF66CF40062D5FD /* Build configuration list for PBXProject "Quote It" */ = {
			isa = XCConfigurationList;
			buildConfigurations = (
				D9A64CF22CF66CF70062D5FD /* Debug */,
				D9A64CF32CF66CF70062D5FD /* Release */,
			);
			defaultConfigurationIsVisible = 0;
			defaultConfigurationName = Release;
		};
		D9A64CF42CF66CF70062D5FD /* Build configuration list for PBXNativeTarget "Quote It" */ = {
			isa = XCConfigurationList;
			buildConfigurations = (
				D9A64CF52CF66CF70062D5FD /* Debug */,
				D9A64CF62CF66CF70062D5FD /* Release */,
			);
			defaultConfigurationIsVisible = 0;
			defaultConfigurationName = Release;
		};
/* End XCConfigurationList section */
	};
	rootObject = D9A64CD82CF66CF40062D5FD /* Project object */;
}
